
Microsoft Visual Studio Solution File, Format Version 12.00
# Visual Studio Version 17
VisualStudioVersion = 17.3.32811.315
MinimumVisualStudioVersion = 10.0.40219.1
Project("{FAE04EC0-301F-11D3-BF4B-00C04F79EFBC}") = "Nippo", "Nippo\Nippo.csproj", "{73A5D7BD-4367-4CA0-B22F-057D4A87E848}"
EndProject
Global
	GlobalSection(SolutionConfigurationPlatforms) = preSolution
		Debug|Any CPU = Debug|Any CPU
		Release|Any CPU = Release|Any CPU
	EndGlobalSection
	GlobalSection(ProjectConfigurationPlatforms) = postSolution
		{73A5D7BD-4367-4CA0-B22F-057D4A87E848}.Debug|Any CPU.ActiveCfg = Debug|Any CPU
		{73A5D7BD-4367-4CA0-B22F-057D4A87E848}.Debug|Any CPU.Build.0 = Debug|Any CPU
		{73A5D7BD-4367-4CA0-B22F-057D4A87E848}.Release|Any CPU.ActiveCfg = Release|Any CPU
		{73A5D7BD-4367-4CA0-B22F-057D4A87E848}.Release|Any CPU.Build.0 = Release|Any CPU
	EndGlobalSection
	GlobalSection(SolutionProperties) = preSolution
		HideSolutionNode = FALSE
	EndGlobalSection
	GlobalSection(ExtensibilityGlobals) = postSolution
		SolutionGuid = {4B028224-C24F-4C5F-86DD-366A0C9B47AB}
	EndGlobalSection
EndGlobal
